
Microsoft Visual Studio Solution File, Format Version 12.00
# Visual Studio Version 16
VisualStudioVersion = 16.0.30204.135
MinimumVisualStudioVersion = 10.0.40219.1
Project("{F184B08F-C81C-45F6-A57F-5ABD9991F28F}") = "Veterinaria BD-PROG", "Veterinaria BD-PROG\Veterinaria BD-PROG.vbproj", "{C7B4E08C-3C0F-4A0C-8921-8B91E30E4A76}"
EndProject
Project("{2150E333-8FDC-42A3-9474-1A3956D46DE8}") = "Solution Items", "Solution Items", "{3F02B69A-CCF6-462E-BB34-702154877CBD}"
	ProjectSection(SolutionItems) = preProject
		Veterinaria BD-PROG\FormBuscarPersona.Designer.vb = Veterinaria BD-PROG\FormBuscarPersona.Designer.vb
		Veterinaria BD-PROG\FormBuscarPersona.resx = Veterinaria BD-PROG\FormBuscarPersona.resx
		Veterinaria BD-PROG\FormBuscarPersona.vb = Veterinaria BD-PROG\FormBuscarPersona.vb
	EndProjectSection
EndProject
Global
	GlobalSection(SolutionConfigurationPlatforms) = preSolution
		Debug|Any CPU = Debug|Any CPU
		Release|Any CPU = Release|Any CPU
	EndGlobalSection
	GlobalSection(ProjectConfigurationPlatforms) = postSolution
		{C7B4E08C-3C0F-4A0C-8921-8B91E30E4A76}.Debug|Any CPU.ActiveCfg = Debug|Any CPU
		{C7B4E08C-3C0F-4A0C-8921-8B91E30E4A76}.Debug|Any CPU.Build.0 = Debug|Any CPU
		{C7B4E08C-3C0F-4A0C-8921-8B91E30E4A76}.Release|Any CPU.ActiveCfg = Release|Any CPU
		{C7B4E08C-3C0F-4A0C-8921-8B91E30E4A76}.Release|Any CPU.Build.0 = Release|Any CPU
	EndGlobalSection
	GlobalSection(SolutionProperties) = preSolution
		HideSolutionNode = FALSE
	EndGlobalSection
	GlobalSection(ExtensibilityGlobals) = postSolution
		SolutionGuid = {EBF5A9E0-6474-4136-8FFC-7178E76EE176}
	EndGlobalSection
EndGlobal
